
Microsoft Visual Studio Solution File, Format Version 12.00
# Visual Studio Version 17
VisualStudioVersion = 17.3.32811.315
MinimumVisualStudioVersion = 10.0.40219.1
Project("{FAE04EC0-301F-11D3-BF4B-00C04F79EFBC}") = "BlazorQuickGrid.Server", "BlazorQuickGrid\Server\BlazorQuickGrid.Server.csproj", "{794FF2FF-ED7E-4029-B75B-6C7400527F6F}"
EndProject
Project("{FAE04EC0-301F-11D3-BF4B-00C04F79EFBC}") = "BlazorQuickGrid.Client", "BlazorQuickGrid\Client\BlazorQuickGrid.Client.csproj", "{D0D09E03-20A4-484C-9094-AE578E207778}"
EndProject
Project("{FAE04EC0-301F-11D3-BF4B-00C04F79EFBC}") = "BlazorQuickGrid.Shared", "BlazorQuickGrid\Shared\BlazorQuickGrid.Shared.csproj", "{7333A269-AB14-41FF-A8B4-8D9D0755BB83}"
EndProject
Global
	GlobalSection(SolutionConfigurationPlatforms) = preSolution
		Debug|Any CPU = Debug|Any CPU
		Release|Any CPU = Release|Any CPU
	EndGlobalSection
	GlobalSection(ProjectConfigurationPlatforms) = postSolution
		{794FF2FF-ED7E-4029-B75B-6C7400527F6F}.Debug|Any CPU.ActiveCfg = Debug|Any CPU
		{794FF2FF-ED7E-4029-B75B-6C7400527F6F}.Debug|Any CPU.Build.0 = Debug|Any CPU
		{794FF2FF-ED7E-4029-B75B-6C7400527F6F}.Release|Any CPU.ActiveCfg = Release|Any CPU
		{794FF2FF-ED7E-4029-B75B-6C7400527F6F}.Release|Any CPU.Build.0 = Release|Any CPU
		{D0D09E03-20A4-484C-9094-AE578E207778}.Debug|Any CPU.ActiveCfg = Debug|Any CPU
		{D0D09E03-20A4-484C-9094-AE578E207778}.Debug|Any CPU.Build.0 = Debug|Any CPU
		{D0D09E03-20A4-484C-9094-AE578E207778}.Release|Any CPU.ActiveCfg = Release|Any CPU
		{D0D09E03-20A4-484C-9094-AE578E207778}.Release|Any CPU.Build.0 = Release|Any CPU
		{7333A269-AB14-41FF-A8B4-8D9D0755BB83}.Debug|Any CPU.ActiveCfg = Debug|Any CPU
		{7333A269-AB14-41FF-A8B4-8D9D0755BB83}.Debug|Any CPU.Build.0 = Debug|Any CPU
		{7333A269-AB14-41FF-A8B4-8D9D0755BB83}.Release|Any CPU.ActiveCfg = Release|Any CPU
		{7333A269-AB14-41FF-A8B4-8D9D0755BB83}.Release|Any CPU.Build.0 = Release|Any CPU
	EndGlobalSection
	GlobalSection(SolutionProperties) = preSolution
		HideSolutionNode = FALSE
	EndGlobalSection
	GlobalSection(ExtensibilityGlobals) = postSolution
		SolutionGuid = {53382E7E-96BF-4B2A-8E5A-BA71E514CBF9}
	EndGlobalSection
EndGlobal
